
Microsoft Visual Studio Solution File, Format Version 12.00
# Visual Studio Version 17
VisualStudioVersion = 17.5.002.0
MinimumVisualStudioVersion = 10.0.40219.1
Project("{2150E333-8FDC-42A3-9474-1A3956D46DE8}") = "C-Sharp", "C-Sharp", "{E45AF97F-F5C9-48AC-AB67-BEA34D182F05}"
EndProject
Project("{9A19103F-16F7-4668-BE54-9A1E7A4F7556}") = "Classlar", "C-Sharp\ClasslaraGiris\Classlar.csproj", "{43853FF9-BEEF-4A90-9BFE-257B2E2FA9B8}"
EndProject
Project("{9A19103F-16F7-4668-BE54-9A1E7A4F7556}") = "ClassPropertyTanimlamak", "C-Sharp\ClassPropertyTanimlamak\ClassPropertyTanimlamak.csproj", "{89ACDB36-CE71-4019-A705-AE3333CBF518}"
EndProject
Project("{9A19103F-16F7-4668-BE54-9A1E7A4F7556}") = "Diziler", "C-Sharp\Diziler\Diziler.csproj", "{3F957575-8B00-4EAF-93B8-7BE495495F89}"
EndProject
Project("{9A19103F-16F7-4668-BE54-9A1E7A4F7556}") = "Donguler", "C-Sharp\Donguler\Donguler.csproj", "{35D90FB4-35A2-4FF8-B978-9334C32F81DA}"
EndProject
Project("{9A19103F-16F7-4668-BE54-9A1E7A4F7556}") = "Metodlar", "C-Sharp\Metodlar\Metodlar.csproj", "{B8073EB0-897E-4E49-BF69-830716F4A764}"
EndProject
Project("{9A19103F-16F7-4668-BE54-9A1E7A4F7556}") = "Ornek1-AsalSayı", "C-Sharp\Ornek1-AsalSayı\Ornek1-AsalSayı.csproj", "{BF06D0DB-E407-4B23-B77F-92212EDA07CC}"
EndProject
Project("{9A19103F-16F7-4668-BE54-9A1E7A4F7556}") = "SartBlokları", "C-Sharp\SartBlokları\SartBlokları.csproj", "{E3727475-058B-4367-9530-E38BB8E20AC4}"
EndProject
Project("{9A19103F-16F7-4668-BE54-9A1E7A4F7556}") = "String", "C-Sharp\Strings\String.csproj", "{5C4EDAEC-7DCF-40D5-A972-EA11C76BB4D4}"
EndProject
Project("{9A19103F-16F7-4668-BE54-9A1E7A4F7556}") = "VeriTipleri", "C-Sharp\VeriTipleri\VeriTipleri.csproj", "{E98BB993-3351-4EE5-AEF5-0ABBEB067B0D}"
EndProject
Global
	GlobalSection(SolutionConfigurationPlatforms) = preSolution
		Debug|Any CPU = Debug|Any CPU
		Release|Any CPU = Release|Any CPU
	EndGlobalSection
	GlobalSection(ProjectConfigurationPlatforms) = postSolution
		{43853FF9-BEEF-4A90-9BFE-257B2E2FA9B8}.Debug|Any CPU.ActiveCfg = Debug|Any CPU
		{43853FF9-BEEF-4A90-9BFE-257B2E2FA9B8}.Debug|Any CPU.Build.0 = Debug|Any CPU
		{43853FF9-BEEF-4A90-9BFE-257B2E2FA9B8}.Release|Any CPU.ActiveCfg = Release|Any CPU
		{43853FF9-BEEF-4A90-9BFE-257B2E2FA9B8}.Release|Any CPU.Build.0 = Release|Any CPU
		{89ACDB36-CE71-4019-A705-AE3333CBF518}.Debug|Any CPU.ActiveCfg = Debug|Any CPU
		{89ACDB36-CE71-4019-A705-AE3333CBF518}.Debug|Any CPU.Build.0 = Debug|Any CPU
		{89ACDB36-CE71-4019-A705-AE3333CBF518}.Release|Any CPU.ActiveCfg = Release|Any CPU
		{89ACDB36-CE71-4019-A705-AE3333CBF518}.Release|Any CPU.Build.0 = Release|Any CPU
		{3F957575-8B00-4EAF-93B8-7BE495495F89}.Debug|Any CPU.ActiveCfg = Debug|Any CPU
		{3F957575-8B00-4EAF-93B8-7BE495495F89}.Debug|Any CPU.Build.0 = Debug|Any CPU
		{3F957575-8B00-4EAF-93B8-7BE495495F89}.Release|Any CPU.ActiveCfg = Release|Any CPU
		{3F957575-8B00-4EAF-93B8-7BE495495F89}.Release|Any CPU.Build.0 = Release|Any CPU
		{35D90FB4-35A2-4FF8-B978-9334C32F81DA}.Debug|Any CPU.ActiveCfg = Debug|Any CPU
		{35D90FB4-35A2-4FF8-B978-9334C32F81DA}.Debug|Any CPU.Build.0 = Debug|Any CPU
		{35D90FB4-35A2-4FF8-B978-9334C32F81DA}.Release|Any CPU.ActiveCfg = Release|Any CPU
		{35D90FB4-35A2-4FF8-B978-9334C32F81DA}.Release|Any CPU.Build.0 = Release|Any CPU
		{B8073EB0-897E-4E49-BF69-830716F4A764}.Debug|Any CPU.ActiveCfg = Debug|Any CPU
		{B8073EB0-897E-4E49-BF69-830716F4A764}.Debug|Any CPU.Build.0 = Debug|Any CPU
		{B8073EB0-897E-4E49-BF69-830716F4A764}.Release|Any CPU.ActiveCfg = Release|Any CPU
		{B8073EB0-897E-4E49-BF69-830716F4A764}.Release|Any CPU.Build.0 = Release|Any CPU
		{BF06D0DB-E407-4B23-B77F-92212EDA07CC}.Debug|Any CPU.ActiveCfg = Debug|Any CPU
		{BF06D0DB-E407-4B23-B77F-92212EDA07CC}.Debug|Any CPU.Build.0 = Debug|Any CPU
		{BF06D0DB-E407-4B23-B77F-92212EDA07CC}.Release|Any CPU.ActiveCfg = Release|Any CPU
		{BF06D0DB-E407-4B23-B77F-92212EDA07CC}.Release|Any CPU.Build.0 = Release|Any CPU
		{E3727475-058B-4367-9530-E38BB8E20AC4}.Debug|Any CPU.ActiveCfg = Debug|Any CPU
		{E3727475-058B-4367-9530-E38BB8E20AC4}.Debug|Any CPU.Build.0 = Debug|Any CPU
		{E3727475-058B-4367-9530-E38BB8E20AC4}.Release|Any CPU.ActiveCfg = Release|Any CPU
		{E3727475-058B-4367-9530-E38BB8E20AC4}.Release|Any CPU.Build.0 = Release|Any CPU
		{5C4EDAEC-7DCF-40D5-A972-EA11C76BB4D4}.Debug|Any CPU.ActiveCfg = Debug|Any CPU
		{5C4EDAEC-7DCF-40D5-A972-EA11C76BB4D4}.Debug|Any CPU.Build.0 = Debug|Any CPU
		{5C4EDAEC-7DCF-40D5-A972-EA11C76BB4D4}.Release|Any CPU.ActiveCfg = Release|Any CPU
		{5C4EDAEC-7DCF-40D5-A972-EA11C76BB4D4}.Release|Any CPU.Build.0 = Release|Any CPU
		{E98BB993-3351-4EE5-AEF5-0ABBEB067B0D}.Debug|Any CPU.ActiveCfg = Debug|Any CPU
		{E98BB993-3351-4EE5-AEF5-0ABBEB067B0D}.Debug|Any CPU.Build.0 = Debug|Any CPU
		{E98BB993-3351-4EE5-AEF5-0ABBEB067B0D}.Release|Any CPU.ActiveCfg = Release|Any CPU
		{E98BB993-3351-4EE5-AEF5-0ABBEB067B0D}.Release|Any CPU.Build.0 = Release|Any CPU
	EndGlobalSection
	GlobalSection(SolutionProperties) = preSolution
		HideSolutionNode = FALSE
	EndGlobalSection
	GlobalSection(NestedProjects) = preSolution
		{43853FF9-BEEF-4A90-9BFE-257B2E2FA9B8} = {E45AF97F-F5C9-48AC-AB67-BEA34D182F05}
		{89ACDB36-CE71-4019-A705-AE3333CBF518} = {E45AF97F-F5C9-48AC-AB67-BEA34D182F05}
		{3F957575-8B00-4EAF-93B8-7BE495495F89} = {E45AF97F-F5C9-48AC-AB67-BEA34D182F05}
		{35D90FB4-35A2-4FF8-B978-9334C32F81DA} = {E45AF97F-F5C9-48AC-AB67-BEA34D182F05}
		{B8073EB0-897E-4E49-BF69-830716F4A764} = {E45AF97F-F5C9-48AC-AB67-BEA34D182F05}
		{BF06D0DB-E407-4B23-B77F-92212EDA07CC} = {E45AF97F-F5C9-48AC-AB67-BEA34D182F05}
		{E3727475-058B-4367-9530-E38BB8E20AC4} = {E45AF97F-F5C9-48AC-AB67-BEA34D182F05}
		{5C4EDAEC-7DCF-40D5-A972-EA11C76BB4D4} = {E45AF97F-F5C9-48AC-AB67-BEA34D182F05}
		{E98BB993-3351-4EE5-AEF5-0ABBEB067B0D} = {E45AF97F-F5C9-48AC-AB67-BEA34D182F05}
	EndGlobalSection
	GlobalSection(ExtensibilityGlobals) = postSolution
		SolutionGuid = {39232CDB-E7E4-4B2D-8E37-C725795E8280}
	EndGlobalSection
EndGlobal
