
Microsoft Visual Studio Solution File, Format Version 12.00
# Visual Studio Version 17
VisualStudioVersion = 17.5.002.0
MinimumVisualStudioVersion = 10.0.40219.1
Project("{2150E333-8FDC-42A3-9474-1A3956D46DE8}") = "C-Sharp", "C-Sharp", "{1D155DF0-5068-4D94-B278-56AFF57AC567}"
EndProject
Project("{9A19103F-16F7-4668-BE54-9A1E7A4F7556}") = "Classlar", "C-Sharp\ClasslaraGiris\Classlar.csproj", "{3F682EE8-7731-4985-82E6-771299215617}"
EndProject
Project("{9A19103F-16F7-4668-BE54-9A1E7A4F7556}") = "ClassPropertyTanimlamak", "C-Sharp\ClassPropertyTanimlamak\ClassPropertyTanimlamak.csproj", "{821865B6-3123-41FE-AE8A-241B9D171C32}"
EndProject
Project("{9A19103F-16F7-4668-BE54-9A1E7A4F7556}") = "Diziler", "C-Sharp\Diziler\Diziler.csproj", "{8D1DDCE1-7E80-42EC-9AAB-D0A8BCE9E861}"
EndProject
Project("{9A19103F-16F7-4668-BE54-9A1E7A4F7556}") = "Donguler", "C-Sharp\Donguler\Donguler.csproj", "{2DAB59F9-4F4A-44F5-8B97-D33214236419}"
EndProject
Project("{9A19103F-16F7-4668-BE54-9A1E7A4F7556}") = "Metodlar", "C-Sharp\Metodlar\Metodlar.csproj", "{2407304D-074E-4156-920F-A868B17F3331}"
EndProject
Project("{9A19103F-16F7-4668-BE54-9A1E7A4F7556}") = "Ornek1-AsalSayı", "C-Sharp\Ornek1-AsalSayı\Ornek1-AsalSayı.csproj", "{D421E0DD-3C35-4364-B436-B221737314B6}"
EndProject
Project("{9A19103F-16F7-4668-BE54-9A1E7A4F7556}") = "SartBlokları", "C-Sharp\SartBlokları\SartBlokları.csproj", "{E36492BC-BDD5-47AB-8F55-087AC1FD6997}"
EndProject
Project("{9A19103F-16F7-4668-BE54-9A1E7A4F7556}") = "String", "C-Sharp\Strings\String.csproj", "{643BFFFF-1FFA-4449-9167-A1681BB8E3A8}"
EndProject
Project("{9A19103F-16F7-4668-BE54-9A1E7A4F7556}") = "VeriTipleri", "C-Sharp\VeriTipleri\VeriTipleri.csproj", "{192A24C1-FC15-486D-837B-6F7C637FEA53}"
EndProject
Project("{2150E333-8FDC-42A3-9474-1A3956D46DE8}") = "RecapDemo1", "RecapDemo1", "{A5E538AC-B4AA-46BA-B0C7-263F826518B5}"
EndProject
Project("{9A19103F-16F7-4668-BE54-9A1E7A4F7556}") = "RecapDemo1", "C-Sharp\RecapDemo1\RecapDemo1\RecapDemo1.csproj", "{1ABBB132-CFA2-4DAF-95F8-4EFE74EF4E50}"
EndProject
Global
	GlobalSection(SolutionConfigurationPlatforms) = preSolution
		Debug|Any CPU = Debug|Any CPU
		Release|Any CPU = Release|Any CPU
	EndGlobalSection
	GlobalSection(ProjectConfigurationPlatforms) = postSolution
		{3F682EE8-7731-4985-82E6-771299215617}.Debug|Any CPU.ActiveCfg = Debug|Any CPU
		{3F682EE8-7731-4985-82E6-771299215617}.Debug|Any CPU.Build.0 = Debug|Any CPU
		{3F682EE8-7731-4985-82E6-771299215617}.Release|Any CPU.ActiveCfg = Release|Any CPU
		{3F682EE8-7731-4985-82E6-771299215617}.Release|Any CPU.Build.0 = Release|Any CPU
		{821865B6-3123-41FE-AE8A-241B9D171C32}.Debug|Any CPU.ActiveCfg = Debug|Any CPU
		{821865B6-3123-41FE-AE8A-241B9D171C32}.Debug|Any CPU.Build.0 = Debug|Any CPU
		{821865B6-3123-41FE-AE8A-241B9D171C32}.Release|Any CPU.ActiveCfg = Release|Any CPU
		{821865B6-3123-41FE-AE8A-241B9D171C32}.Release|Any CPU.Build.0 = Release|Any CPU
		{8D1DDCE1-7E80-42EC-9AAB-D0A8BCE9E861}.Debug|Any CPU.ActiveCfg = Debug|Any CPU
		{8D1DDCE1-7E80-42EC-9AAB-D0A8BCE9E861}.Debug|Any CPU.Build.0 = Debug|Any CPU
		{8D1DDCE1-7E80-42EC-9AAB-D0A8BCE9E861}.Release|Any CPU.ActiveCfg = Release|Any CPU
		{8D1DDCE1-7E80-42EC-9AAB-D0A8BCE9E861}.Release|Any CPU.Build.0 = Release|Any CPU
		{2DAB59F9-4F4A-44F5-8B97-D33214236419}.Debug|Any CPU.ActiveCfg = Debug|Any CPU
		{2DAB59F9-4F4A-44F5-8B97-D33214236419}.Debug|Any CPU.Build.0 = Debug|Any CPU
		{2DAB59F9-4F4A-44F5-8B97-D33214236419}.Release|Any CPU.ActiveCfg = Release|Any CPU
		{2DAB59F9-4F4A-44F5-8B97-D33214236419}.Release|Any CPU.Build.0 = Release|Any CPU
		{2407304D-074E-4156-920F-A868B17F3331}.Debug|Any CPU.ActiveCfg = Debug|Any CPU
		{2407304D-074E-4156-920F-A868B17F3331}.Debug|Any CPU.Build.0 = Debug|Any CPU
		{2407304D-074E-4156-920F-A868B17F3331}.Release|Any CPU.ActiveCfg = Release|Any CPU
		{2407304D-074E-4156-920F-A868B17F3331}.Release|Any CPU.Build.0 = Release|Any CPU
		{D421E0DD-3C35-4364-B436-B221737314B6}.Debug|Any CPU.ActiveCfg = Debug|Any CPU
		{D421E0DD-3C35-4364-B436-B221737314B6}.Debug|Any CPU.Build.0 = Debug|Any CPU
		{D421E0DD-3C35-4364-B436-B221737314B6}.Release|Any CPU.ActiveCfg = Release|Any CPU
		{D421E0DD-3C35-4364-B436-B221737314B6}.Release|Any CPU.Build.0 = Release|Any CPU
		{E36492BC-BDD5-47AB-8F55-087AC1FD6997}.Debug|Any CPU.ActiveCfg = Debug|Any CPU
		{E36492BC-BDD5-47AB-8F55-087AC1FD6997}.Debug|Any CPU.Build.0 = Debug|Any CPU
		{E36492BC-BDD5-47AB-8F55-087AC1FD6997}.Release|Any CPU.ActiveCfg = Release|Any CPU
		{E36492BC-BDD5-47AB-8F55-087AC1FD6997}.Release|Any CPU.Build.0 = Release|Any CPU
		{643BFFFF-1FFA-4449-9167-A1681BB8E3A8}.Debug|Any CPU.ActiveCfg = Debug|Any CPU
		{643BFFFF-1FFA-4449-9167-A1681BB8E3A8}.Debug|Any CPU.Build.0 = Debug|Any CPU
		{643BFFFF-1FFA-4449-9167-A1681BB8E3A8}.Release|Any CPU.ActiveCfg = Release|Any CPU
		{643BFFFF-1FFA-4449-9167-A1681BB8E3A8}.Release|Any CPU.Build.0 = Release|Any CPU
		{192A24C1-FC15-486D-837B-6F7C637FEA53}.Debug|Any CPU.ActiveCfg = Debug|Any CPU
		{192A24C1-FC15-486D-837B-6F7C637FEA53}.Debug|Any CPU.Build.0 = Debug|Any CPU
		{192A24C1-FC15-486D-837B-6F7C637FEA53}.Release|Any CPU.ActiveCfg = Release|Any CPU
		{192A24C1-FC15-486D-837B-6F7C637FEA53}.Release|Any CPU.Build.0 = Release|Any CPU
		{1ABBB132-CFA2-4DAF-95F8-4EFE74EF4E50}.Debug|Any CPU.ActiveCfg = Debug|Any CPU
		{1ABBB132-CFA2-4DAF-95F8-4EFE74EF4E50}.Debug|Any CPU.Build.0 = Debug|Any CPU
		{1ABBB132-CFA2-4DAF-95F8-4EFE74EF4E50}.Release|Any CPU.ActiveCfg = Release|Any CPU
		{1ABBB132-CFA2-4DAF-95F8-4EFE74EF4E50}.Release|Any CPU.Build.0 = Release|Any CPU
	EndGlobalSection
	GlobalSection(SolutionProperties) = preSolution
		HideSolutionNode = FALSE
	EndGlobalSection
	GlobalSection(NestedProjects) = preSolution
		{3F682EE8-7731-4985-82E6-771299215617} = {1D155DF0-5068-4D94-B278-56AFF57AC567}
		{821865B6-3123-41FE-AE8A-241B9D171C32} = {1D155DF0-5068-4D94-B278-56AFF57AC567}
		{8D1DDCE1-7E80-42EC-9AAB-D0A8BCE9E861} = {1D155DF0-5068-4D94-B278-56AFF57AC567}
		{2DAB59F9-4F4A-44F5-8B97-D33214236419} = {1D155DF0-5068-4D94-B278-56AFF57AC567}
		{2407304D-074E-4156-920F-A868B17F3331} = {1D155DF0-5068-4D94-B278-56AFF57AC567}
		{D421E0DD-3C35-4364-B436-B221737314B6} = {1D155DF0-5068-4D94-B278-56AFF57AC567}
		{E36492BC-BDD5-47AB-8F55-087AC1FD6997} = {1D155DF0-5068-4D94-B278-56AFF57AC567}
		{643BFFFF-1FFA-4449-9167-A1681BB8E3A8} = {1D155DF0-5068-4D94-B278-56AFF57AC567}
		{192A24C1-FC15-486D-837B-6F7C637FEA53} = {1D155DF0-5068-4D94-B278-56AFF57AC567}
		{A5E538AC-B4AA-46BA-B0C7-263F826518B5} = {1D155DF0-5068-4D94-B278-56AFF57AC567}
		{1ABBB132-CFA2-4DAF-95F8-4EFE74EF4E50} = {A5E538AC-B4AA-46BA-B0C7-263F826518B5}
	EndGlobalSection
	GlobalSection(ExtensibilityGlobals) = postSolution
		SolutionGuid = {39232CDB-E7E4-4B2D-8E37-C725795E8280}
	EndGlobalSection
EndGlobal
