
Microsoft Visual Studio Solution File, Format Version 12.00
# Visual Studio Version 17
VisualStudioVersion = 17.10.35122.118
MinimumVisualStudioVersion = 10.0.40219.1
Project("{FAE04EC0-301F-11D3-BF4B-00C04F79EFBC}") = "RecapDemo1", "RecapDemo1\RecapDemo1.csproj", "{8E200D2C-5155-4780-8128-2B7D14703FD0}"
EndProject
Global
	GlobalSection(SolutionConfigurationPlatforms) = preSolution
		Debug|Any CPU = Debug|Any CPU
		Release|Any CPU = Release|Any CPU
	EndGlobalSection
	GlobalSection(ProjectConfigurationPlatforms) = postSolution
		{8E200D2C-5155-4780-8128-2B7D14703FD0}.Debug|Any CPU.ActiveCfg = Debug|Any CPU
		{8E200D2C-5155-4780-8128-2B7D14703FD0}.Debug|Any CPU.Build.0 = Debug|Any CPU
		{8E200D2C-5155-4780-8128-2B7D14703FD0}.Release|Any CPU.ActiveCfg = Release|Any CPU
		{8E200D2C-5155-4780-8128-2B7D14703FD0}.Release|Any CPU.Build.0 = Release|Any CPU
	EndGlobalSection
	GlobalSection(SolutionProperties) = preSolution
		HideSolutionNode = FALSE
	EndGlobalSection
	GlobalSection(ExtensibilityGlobals) = postSolution
		SolutionGuid = {4BB7729D-632D-4E05-82A5-2A7FACAD3B85}
	EndGlobalSection
EndGlobal
